
Microsoft Visual Studio Solution File, Format Version 12.00
# Visual Studio Version 17
VisualStudioVersion = 17.2.32602.215
MinimumVisualStudioVersion = 10.0.40219.1
Project("{FAE04EC0-301F-11D3-BF4B-00C04F79EFBC}") = "Wallet", "Wallet\Wallet.csproj", "{B2E8C257-5ABC-4ECA-8D26-8532CB607CD4}"
EndProject
Global
	GlobalSection(SolutionConfigurationPlatforms) = preSolution
		Debug|Any CPU = Debug|Any CPU
		Release|Any CPU = Release|Any CPU
	EndGlobalSection
	GlobalSection(ProjectConfigurationPlatforms) = postSolution
		{B2E8C257-5ABC-4ECA-8D26-8532CB607CD4}.Debug|Any CPU.ActiveCfg = Debug|Any CPU
		{B2E8C257-5ABC-4ECA-8D26-8532CB607CD4}.Debug|Any CPU.Build.0 = Debug|Any CPU
		{B2E8C257-5ABC-4ECA-8D26-8532CB607CD4}.Release|Any CPU.ActiveCfg = Release|Any CPU
		{B2E8C257-5ABC-4ECA-8D26-8532CB607CD4}.Release|Any CPU.Build.0 = Release|Any CPU
	EndGlobalSection
	GlobalSection(SolutionProperties) = preSolution
		HideSolutionNode = FALSE
	EndGlobalSection
	GlobalSection(ExtensibilityGlobals) = postSolution
		SolutionGuid = {53E8396F-78CE-47AD-A2F2-3841DF10B365}
	EndGlobalSection
EndGlobal
